
Microsoft Visual Studio Solution File, Format Version 12.00
# Visual Studio 2013
VisualStudioVersion = 12.0.21005.1
MinimumVisualStudioVersion = 10.0.40219.1
Project("{FAE04EC0-301F-11D3-BF4B-00C04F79EFBC}") = "ConvertJAMApp", "ConvertJAMApp\ConvertJAMApp.csproj", "{F9162B34-65F9-470C-804D-A169DFF23E4D}"
EndProject
Project("{FAE04EC0-301F-11D3-BF4B-00C04F79EFBC}") = "JAMMessageBase", "JAMMessageBase\JAMMessageBase.csproj", "{4EDE51A3-E538-4DB3-9983-C3C0DAB49EF7}"
EndProject
Project("{FAE04EC0-301F-11D3-BF4B-00C04F79EFBC}") = "NBidi-2008", "ConvertJAMApp\NBidi_1.2.1.1_src\NBidi-2008.csproj", "{7E96C9A3-34EB-467E-B505-9FCBBD845949}"
EndProject
Global
	GlobalSection(SolutionConfigurationPlatforms) = preSolution
		Debug|Any CPU = Debug|Any CPU
		Release|Any CPU = Release|Any CPU
	EndGlobalSection
	GlobalSection(ProjectConfigurationPlatforms) = postSolution
		{F9162B34-65F9-470C-804D-A169DFF23E4D}.Debug|Any CPU.ActiveCfg = Debug|Any CPU
		{F9162B34-65F9-470C-804D-A169DFF23E4D}.Debug|Any CPU.Build.0 = Debug|Any CPU
		{F9162B34-65F9-470C-804D-A169DFF23E4D}.Release|Any CPU.ActiveCfg = Release|Any CPU
		{F9162B34-65F9-470C-804D-A169DFF23E4D}.Release|Any CPU.Build.0 = Release|Any CPU
		{4EDE51A3-E538-4DB3-9983-C3C0DAB49EF7}.Debug|Any CPU.ActiveCfg = Debug|Any CPU
		{4EDE51A3-E538-4DB3-9983-C3C0DAB49EF7}.Debug|Any CPU.Build.0 = Debug|Any CPU
		{4EDE51A3-E538-4DB3-9983-C3C0DAB49EF7}.Release|Any CPU.ActiveCfg = Release|Any CPU
		{4EDE51A3-E538-4DB3-9983-C3C0DAB49EF7}.Release|Any CPU.Build.0 = Release|Any CPU
		{7E96C9A3-34EB-467E-B505-9FCBBD845949}.Debug|Any CPU.ActiveCfg = Debug|Any CPU
		{7E96C9A3-34EB-467E-B505-9FCBBD845949}.Debug|Any CPU.Build.0 = Debug|Any CPU
		{7E96C9A3-34EB-467E-B505-9FCBBD845949}.Release|Any CPU.ActiveCfg = Release|Any CPU
		{7E96C9A3-34EB-467E-B505-9FCBBD845949}.Release|Any CPU.Build.0 = Release|Any CPU
	EndGlobalSection
	GlobalSection(SolutionProperties) = preSolution
		HideSolutionNode = FALSE
	EndGlobalSection
EndGlobal
